// !$*UTF8*$!
{
	archiveVersion = 1;
	classes = {
	};
	objectVersion = 46;
	objects = {

/* Begin PBXBuildFile section */
		25B9BD011BCA331400982D78 /* ExpandChallengeView.m in Sources */ = {isa = PBXBuildFile; fileRef = 25B9BD001BCA331400982D78 /* ExpandChallengeView.m */; settings = {ASSET_TAGS = (); }; };
		A65353381BC9953D0043B32C /* main.m in Sources */ = {isa = PBXBuildFile; fileRef = A65353371BC9953D0043B32C /* main.m */; };
		A653533B1BC9953D0043B32C /* AppDelegate.m in Sources */ = {isa = PBXBuildFile; fileRef = A653533A1BC9953D0043B32C /* AppDelegate.m */; };
		A65353411BC9953D0043B32C /* Main.storyboard in Resources */ = {isa = PBXBuildFile; fileRef = A653533F1BC9953D0043B32C /* Main.storyboard */; };
		A65353431BC9953D0043B32C /* Assets.xcassets in Resources */ = {isa = PBXBuildFile; fileRef = A65353421BC9953D0043B32C /* Assets.xcassets */; };
		A65353461BC9953D0043B32C /* LaunchScreen.storyboard in Resources */ = {isa = PBXBuildFile; fileRef = A65353441BC9953D0043B32C /* LaunchScreen.storyboard */; };
		A65353521BC9B5CB0043B32C /* RegistrationViewController.m in Sources */ = {isa = PBXBuildFile; fileRef = A65353511BC9B5CB0043B32C /* RegistrationViewController.m */; settings = {ASSET_TAGS = (); }; };
		A65353551BC9B5E30043B32C /* LoginViewController.m in Sources */ = {isa = PBXBuildFile; fileRef = A65353541BC9B5E30043B32C /* LoginViewController.m */; settings = {ASSET_TAGS = (); }; };
		A65353581BC9B62A0043B32C /* DashboardViewController.m in Sources */ = {isa = PBXBuildFile; fileRef = A65353571BC9B62A0043B32C /* DashboardViewController.m */; settings = {ASSET_TAGS = (); }; };
		A65353641BC9B69C0043B32C /* FeedTableViewController.m in Sources */ = {isa = PBXBuildFile; fileRef = A65353631BC9B69C0043B32C /* FeedTableViewController.m */; settings = {ASSET_TAGS = (); }; };
		A65353681BC9B7EA0043B32C /* register.png in Resources */ = {isa = PBXBuildFile; fileRef = A65353671BC9B7EA0043B32C /* register.png */; settings = {ASSET_TAGS = (); }; };
		A653536A1BC9B8120043B32C /* login.png in Resources */ = {isa = PBXBuildFile; fileRef = A65353691BC9B8120043B32C /* login.png */; settings = {ASSET_TAGS = (); }; };
		A653536C1BC9B8480043B32C /* friends.png in Resources */ = {isa = PBXBuildFile; fileRef = A653536B1BC9B8480043B32C /* friends.png */; settings = {ASSET_TAGS = (); }; };
		A653536E1BC9B8560043B32C /* you.png in Resources */ = {isa = PBXBuildFile; fileRef = A653536D1BC9B8560043B32C /* you.png */; settings = {ASSET_TAGS = (); }; };
		A65353701BC9B87A0043B32C /* compete.png in Resources */ = {isa = PBXBuildFile; fileRef = A653536F1BC9B87A0043B32C /* compete.png */; settings = {ASSET_TAGS = (); }; };
		A65353731BC9BBE80043B32C /* CompeteTableViewController.m in Sources */ = {isa = PBXBuildFile; fileRef = A65353721BC9BBE80043B32C /* CompeteTableViewController.m */; settings = {ASSET_TAGS = (); }; };
		A65353761BC9D0D70043B32C /* Communicator.m in Sources */ = {isa = PBXBuildFile; fileRef = A65353751BC9D0D70043B32C /* Communicator.m */; settings = {ASSET_TAGS = (); }; };
		A653537A1BC9E76D0043B32C /* logout.png in Resources */ = {isa = PBXBuildFile; fileRef = A65353791BC9E76D0043B32C /* logout.png */; settings = {ASSET_TAGS = (); }; };
/* End PBXBuildFile section */

/* Begin PBXFileReference section */
		25B9BCFF1BCA331400982D78 /* ExpandChallengeView.h */ = {isa = PBXFileReference; fileEncoding = 4; lastKnownFileType = sourcecode.c.h; path = ExpandChallengeView.h; sourceTree = "<group>"; };
		25B9BD001BCA331400982D78 /* ExpandChallengeView.m */ = {isa = PBXFileReference; fileEncoding = 4; lastKnownFileType = sourcecode.c.objc; path = ExpandChallengeView.m; sourceTree = "<group>"; };
		A65353331BC9953D0043B32C /* Uncle Penny.app */ = {isa = PBXFileReference; explicitFileType = wrapper.application; includeInIndex = 0; path = "Uncle Penny.app"; sourceTree = BUILT_PRODUCTS_DIR; };
		A65353371BC9953D0043B32C /* main.m */ = {isa = PBXFileReference; lastKnownFileType = sourcecode.c.objc; path = main.m; sourceTree = "<group>"; };
		A65353391BC9953D0043B32C /* AppDelegate.h */ = {isa = PBXFileReference; lastKnownFileType = sourcecode.c.h; path = AppDelegate.h; sourceTree = "<group>"; };
		A653533A1BC9953D0043B32C /* AppDelegate.m */ = {isa = PBXFileReference; lastKnownFileType = sourcecode.c.objc; path = AppDelegate.m; sourceTree = "<group>"; };
		A65353401BC9953D0043B32C /* Base */ = {isa = PBXFileReference; lastKnownFileType = file.storyboard; name = Base; path = Base.lproj/Main.storyboard; sourceTree = "<group>"; };
		A65353421BC9953D0043B32C /* Assets.xcassets */ = {isa = PBXFileReference; lastKnownFileType = folder.assetcatalog; path = Assets.xcassets; sourceTree = "<group>"; };
		A65353451BC9953D0043B32C /* Base */ = {isa = PBXFileReference; lastKnownFileType = file.storyboard; name = Base; path = Base.lproj/LaunchScreen.storyboard; sourceTree = "<group>"; };
		A65353471BC9953D0043B32C /* Info.plist */ = {isa = PBXFileReference; lastKnownFileType = text.plist.xml; path = Info.plist; sourceTree = "<group>"; };
		A65353501BC9B5CB0043B32C /* RegistrationViewController.h */ = {isa = PBXFileReference; fileEncoding = 4; lastKnownFileType = sourcecode.c.h; name = RegistrationViewController.h; path = ../RegistrationViewController.h; sourceTree = "<group>"; };
		A65353511BC9B5CB0043B32C /* RegistrationViewController.m */ = {isa = PBXFileReference; fileEncoding = 4; lastKnownFileType = sourcecode.c.objc; name = RegistrationViewController.m; path = ../RegistrationViewController.m; sourceTree = "<group>"; };
		A65353531BC9B5E30043B32C /* LoginViewController.h */ = {isa = PBXFileReference; fileEncoding = 4; lastKnownFileType = sourcecode.c.h; path = LoginViewController.h; sourceTree = "<group>"; };
		A65353541BC9B5E30043B32C /* LoginViewController.m */ = {isa = PBXFileReference; fileEncoding = 4; lastKnownFileType = sourcecode.c.objc; path = LoginViewController.m; sourceTree = "<group>"; };
		A65353561BC9B62A0043B32C /* DashboardViewController.h */ = {isa = PBXFileReference; fileEncoding = 4; lastKnownFileType = sourcecode.c.h; path = DashboardViewController.h; sourceTree = "<group>"; };
		A65353571BC9B62A0043B32C /* DashboardViewController.m */ = {isa = PBXFileReference; fileEncoding = 4; lastKnownFileType = sourcecode.c.objc; path = DashboardViewController.m; sourceTree = "<group>"; };
		A65353621BC9B69C0043B32C /* FeedTableViewController.h */ = {isa = PBXFileReference; fileEncoding = 4; lastKnownFileType = sourcecode.c.h; name = FeedTableViewController.h; path = ../FeedTableViewController.h; sourceTree = "<group>"; };
		A65353631BC9B69C0043B32C /* FeedTableViewController.m */ = {isa = PBXFileReference; fileEncoding = 4; lastKnownFileType = sourcecode.c.objc; name = FeedTableViewController.m; path = ../FeedTableViewController.m; sourceTree = "<group>"; };
		A65353671BC9B7EA0043B32C /* register.png */ = {isa = PBXFileReference; lastKnownFileType = image.png; path = register.png; sourceTree = "<group>"; };
		A65353691BC9B8120043B32C /* login.png */ = {isa = PBXFileReference; lastKnownFileType = image.png; path = login.png; sourceTree = "<group>"; };
		A653536B1BC9B8480043B32C /* friends.png */ = {isa = PBXFileReference; lastKnownFileType = image.png; path = friends.png; sourceTree = "<group>"; };
		A653536D1BC9B8560043B32C /* you.png */ = {isa = PBXFileReference; lastKnownFileType = image.png; path = you.png; sourceTree = "<group>"; };
		A653536F1BC9B87A0043B32C /* compete.png */ = {isa = PBXFileReference; lastKnownFileType = image.png; path = compete.png; sourceTree = "<group>"; };
		A65353711BC9BBE80043B32C /* CompeteTableViewController.h */ = {isa = PBXFileReference; fileEncoding = 4; lastKnownFileType = sourcecode.c.h; name = CompeteTableViewController.h; path = ../CompeteTableViewController.h; sourceTree = "<group>"; };
		A65353721BC9BBE80043B32C /* CompeteTableViewController.m */ = {isa = PBXFileReference; fileEncoding = 4; lastKnownFileType = sourcecode.c.objc; name = CompeteTableViewController.m; path = ../CompeteTableViewController.m; sourceTree = "<group>"; };
		A65353741BC9D0D70043B32C /* Communicator.h */ = {isa = PBXFileReference; fileEncoding = 4; lastKnownFileType = sourcecode.c.h; path = Communicator.h; sourceTree = "<group>"; };
		A65353751BC9D0D70043B32C /* Communicator.m */ = {isa = PBXFileReference; fileEncoding = 4; lastKnownFileType = sourcecode.c.objc; path = Communicator.m; sourceTree = "<group>"; };
		A65353791BC9E76D0043B32C /* logout.png */ = {isa = PBXFileReference; lastKnownFileType = image.png; path = logout.png; sourceTree = "<group>"; };
/* End PBXFileReference section */

/* Begin PBXFrameworksBuildPhase section */
		A65353301BC9953D0043B32C /* Frameworks */ = {
			isa = PBXFrameworksBuildPhase;
			buildActionMask = 2147483647;
			files = (
			);
			runOnlyForDeploymentPostprocessing = 0;
		};
/* End PBXFrameworksBuildPhase section */

/* Begin PBXGroup section */
		A653532A1BC9953D0043B32C = {
			isa = PBXGroup;
			children = (
				A65353351BC9953D0043B32C /* Uncle Penny */,
				A65353341BC9953D0043B32C /* Products */,
			);
			sourceTree = "<group>";
		};
		A65353341BC9953D0043B32C /* Products */ = {
			isa = PBXGroup;
			children = (
				A65353331BC9953D0043B32C /* Uncle Penny.app */,
			);
			name = Products;
			sourceTree = "<group>";
		};
		A65353351BC9953D0043B32C /* Uncle Penny */ = {
			isa = PBXGroup;
			children = (
				A65353391BC9953D0043B32C /* AppDelegate.h */,
				A653533A1BC9953D0043B32C /* AppDelegate.m */,
				A65353741BC9D0D70043B32C /* Communicator.h */,
				A65353751BC9D0D70043B32C /* Communicator.m */,
				A65353501BC9B5CB0043B32C /* RegistrationViewController.h */,
				A65353511BC9B5CB0043B32C /* RegistrationViewController.m */,
				A65353531BC9B5E30043B32C /* LoginViewController.h */,
				A65353541BC9B5E30043B32C /* LoginViewController.m */,
				A65353561BC9B62A0043B32C /* DashboardViewController.h */,
				A65353571BC9B62A0043B32C /* DashboardViewController.m */,
				A65353621BC9B69C0043B32C /* FeedTableViewController.h */,
				A65353631BC9B69C0043B32C /* FeedTableViewController.m */,
				A65353711BC9BBE80043B32C /* CompeteTableViewController.h */,
				A65353721BC9BBE80043B32C /* CompeteTableViewController.m */,
				25B9BCFF1BCA331400982D78 /* ExpandChallengeView.h */,
				25B9BD001BCA331400982D78 /* ExpandChallengeView.m */,
				A653533F1BC9953D0043B32C /* Main.storyboard */,
				A65353421BC9953D0043B32C /* Assets.xcassets */,
				A65353671BC9B7EA0043B32C /* register.png */,
				A65353691BC9B8120043B32C /* login.png */,
				A653536B1BC9B8480043B32C /* friends.png */,
				A653536D1BC9B8560043B32C /* you.png */,
				A653536F1BC9B87A0043B32C /* compete.png */,
				A65353791BC9E76D0043B32C /* logout.png */,
				A65353441BC9953D0043B32C /* LaunchScreen.storyboard */,
				A65353471BC9953D0043B32C /* Info.plist */,
				A65353361BC9953D0043B32C /* Supporting Files */,
			);
			path = "Uncle Penny";
			sourceTree = "<group>";
		};
		A65353361BC9953D0043B32C /* Supporting Files */ = {
			isa = PBXGroup;
			children = (
				A65353371BC9953D0043B32C /* main.m */,
			);
			name = "Supporting Files";
			sourceTree = "<group>";
		};
/* End PBXGroup section */

/* Begin PBXNativeTarget section */
		A65353321BC9953D0043B32C /* Uncle Penny */ = {
			isa = PBXNativeTarget;
			buildConfigurationList = A653534A1BC9953D0043B32C /* Build configuration list for PBXNativeTarget "Uncle Penny" */;
			buildPhases = (
				A653532F1BC9953D0043B32C /* Sources */,
				A65353301BC9953D0043B32C /* Frameworks */,
				A65353311BC9953D0043B32C /* Resources */,
			);
			buildRules = (
			);
			dependencies = (
			);
			name = "Uncle Penny";
			productName = "Uncle Penny";
			productReference = A65353331BC9953D0043B32C /* Uncle Penny.app */;
			productType = "com.apple.product-type.application";
		};
/* End PBXNativeTarget section */

/* Begin PBXProject section */
		A653532B1BC9953D0043B32C /* Project object */ = {
			isa = PBXProject;
			attributes = {
				LastUpgradeCheck = 0700;
				ORGANIZATIONNAME = "Asheesh Agarwal";
				TargetAttributes = {
					A65353321BC9953D0043B32C = {
						CreatedOnToolsVersion = 7.0;
						DevelopmentTeam = X378EB65WE;
					};
				};
			};
			buildConfigurationList = A653532E1BC9953D0043B32C /* Build configuration list for PBXProject "Uncle Penny" */;
			compatibilityVersion = "Xcode 3.2";
			developmentRegion = English;
			hasScannedForEncodings = 0;
			knownRegions = (
				en,
				Base,
			);
			mainGroup = A653532A1BC9953D0043B32C;
			productRefGroup = A65353341BC9953D0043B32C /* Products */;
			projectDirPath = "";
			projectRoot = "";
			targets = (
				A65353321BC9953D0043B32C /* Uncle Penny */,
			);
		};
/* End PBXProject section */

/* Begin PBXResourcesBuildPhase section */
		A65353311BC9953D0043B32C /* Resources */ = {
			isa = PBXResourcesBuildPhase;
			buildActionMask = 2147483647;
			files = (
				A653536C1BC9B8480043B32C /* friends.png in Resources */,
				A65353461BC9953D0043B32C /* LaunchScreen.storyboard in Resources */,
				A65353431BC9953D0043B32C /* Assets.xcassets in Resources */,
				A65353681BC9B7EA0043B32C /* register.png in Resources */,
				A65353701BC9B87A0043B32C /* compete.png in Resources */,
				A65353411BC9953D0043B32C /* Main.storyboard in Resources */,
				A653536A1BC9B8120043B32C /* login.png in Resources */,
				A653537A1BC9E76D0043B32C /* logout.png in Resources */,
				A653536E1BC9B8560043B32C /* you.png in Resources */,
			);
			runOnlyForDeploymentPostprocessing = 0;
		};
/* End PBXResourcesBuildPhase section */

/* Begin PBXSourcesBuildPhase section */
		A653532F1BC9953D0043B32C /* Sources */ = {
			isa = PBXSourcesBuildPhase;
			buildActionMask = 2147483647;
			files = (
				A65353581BC9B62A0043B32C /* DashboardViewController.m in Sources */,
				A65353521BC9B5CB0043B32C /* RegistrationViewController.m in Sources */,
				25B9BD011BCA331400982D78 /* ExpandChallengeView.m in Sources */,
				A65353761BC9D0D70043B32C /* Communicator.m in Sources */,
				A653533B1BC9953D0043B32C /* AppDelegate.m in Sources */,
				A65353381BC9953D0043B32C /* main.m in Sources */,
				A65353551BC9B5E30043B32C /* LoginViewController.m in Sources */,
				A65353641BC9B69C0043B32C /* FeedTableViewController.m in Sources */,
				A65353731BC9BBE80043B32C /* CompeteTableViewController.m in Sources */,
			);
			runOnlyForDeploymentPostprocessing = 0;
		};
/* End PBXSourcesBuildPhase section */

/* Begin PBXVariantGroup section */
		A653533F1BC9953D0043B32C /* Main.storyboard */ = {
			isa = PBXVariantGroup;
			children = (
				A65353401BC9953D0043B32C /* Base */,
			);
			name = Main.storyboard;
			sourceTree = "<group>";
		};
		A65353441BC9953D0043B32C /* LaunchScreen.storyboard */ = {
			isa = PBXVariantGroup;
			children = (
				A65353451BC9953D0043B32C /* Base */,
			);
			name = LaunchScreen.storyboard;
			sourceTree = "<group>";
		};
/* End PBXVariantGroup section */

/* Begin XCBuildConfiguration section */
		A65353481BC9953D0043B32C /* Debug */ = {
			isa = XCBuildConfiguration;
			buildSettings = {
				ALWAYS_SEARCH_USER_PATHS = NO;
				CLANG_CXX_LANGUAGE_STANDARD = "gnu++0x";
				CLANG_CXX_LIBRARY = "libc++";
				CLANG_ENABLE_MODULES = YES;
				CLANG_ENABLE_OBJC_ARC = YES;
				CLANG_WARN_BOOL_CONVERSION = YES;
				CLANG_WARN_CONSTANT_CONVERSION = YES;
				CLANG_WARN_DIRECT_OBJC_ISA_USAGE = YES_ERROR;
				CLANG_WARN_EMPTY_BODY = YES;
				CLANG_WARN_ENUM_CONVERSION = YES;
				CLANG_WARN_INT_CONVERSION = YES;
				CLANG_WARN_OBJC_ROOT_CLASS = YES_ERROR;
				CLANG_WARN_UNREACHABLE_CODE = YES;
				CLANG_WARN__DUPLICATE_METHOD_MATCH = YES;
				"CODE_SIGN_IDENTITY[sdk=iphoneos*]" = "iPhone Developer";
				COPY_PHASE_STRIP = NO;
				DEBUG_INFORMATION_FORMAT = dwarf;
				ENABLE_STRICT_OBJC_MSGSEND = YES;
				ENABLE_TESTABILITY = YES;
				GCC_C_LANGUAGE_STANDARD = gnu99;
				GCC_DYNAMIC_NO_PIC = NO;
				GCC_NO_COMMON_BLOCKS = YES;
				GCC_OPTIMIZATION_LEVEL = 0;
				GCC_PREPROCESSOR_DEFINITIONS = (
					"DEBUG=1",
					"$(inherited)",
				);
				GCC_WARN_64_TO_32_BIT_CONVERSION = YES;
				GCC_WARN_ABOUT_RETURN_TYPE = YES_ERROR;
				GCC_WARN_UNDECLARED_SELECTOR = YES;
				GCC_WARN_UNINITIALIZED_AUTOS = YES_AGGRESSIVE;
				GCC_WARN_UNUSED_FUNCTION = YES;
				GCC_WARN_UNUSED_VARIABLE = YES;
				IPHONEOS_DEPLOYMENT_TARGET = 9.0;
				MTL_ENABLE_DEBUG_INFO = YES;
				ONLY_ACTIVE_ARCH = YES;
				SDKROOT = iphoneos;
			};
			name = Debug;
		};
		A65353491BC9953D0043B32C /* Release */ = {
			isa = XCBuildConfiguration;
			buildSettings = {
				ALWAYS_SEARCH_USER_PATHS = NO;
				CLANG_CXX_LANGUAGE_STANDARD = "gnu++0x";
				CLANG_CXX_LIBRARY = "libc++";
				CLANG_ENABLE_MODULES = YES;
				CLANG_ENABLE_OBJC_ARC = YES;
				CLANG_WARN_BOOL_CONVERSION = YES;
				CLANG_WARN_CONSTANT_CONVERSION = YES;
				CLANG_WARN_DIRECT_OBJC_ISA_USAGE = YES_ERROR;
				CLANG_WARN_EMPTY_BODY = YES;
				CLANG_WARN_ENUM_CONVERSION = YES;
				CLANG_WARN_INT_CONVERSION = YES;
				CLANG_WARN_OBJC_ROOT_CLASS = YES_ERROR;
				CLANG_WARN_UNREACHABLE_CODE = YES;
				CLANG_WARN__DUPLICATE_METHOD_MATCH = YES;
				"CODE_SIGN_IDENTITY[sdk=iphoneos*]" = "iPhone Developer";
				COPY_PHASE_STRIP = NO;
				DEBUG_INFORMATION_FORMAT = "dwarf-with-dsym";
				ENABLE_NS_ASSERTIONS = NO;
				ENABLE_STRICT_OBJC_MSGSEND = YES;
				GCC_C_LANGUAGE_STANDARD = gnu99;
				GCC_NO_COMMON_BLOCKS = YES;
				GCC_WARN_64_TO_32_BIT_CONVERSION = YES;
				GCC_WARN_ABOUT_RETURN_TYPE = YES_ERROR;
				GCC_WARN_UNDECLARED_SELECTOR = YES;
				GCC_WARN_UNINITIALIZED_AUTOS = YES_AGGRESSIVE;
				GCC_WARN_UNUSED_FUNCTION = YES;
				GCC_WARN_UNUSED_VARIABLE = YES;
				IPHONEOS_DEPLOYMENT_TARGET = 9.0;
				MTL_ENABLE_DEBUG_INFO = NO;
				SDKROOT = iphoneos;
				VALIDATE_PRODUCT = YES;
			};
			name = Release;
		};
		A653534B1BC9953D0043B32C /* Debug */ = {
			isa = XCBuildConfiguration;
			buildSettings = {
				ASSETCATALOG_COMPILER_APPICON_NAME = AppIcon;
				INFOPLIST_FILE = "Uncle Penny/Info.plist";
				LD_RUNPATH_SEARCH_PATHS = "$(inherited) @executable_path/Frameworks";
				PRODUCT_BUNDLE_IDENTIFIER = "edu.cs2048.asheesh.Uncle-Penny";
				PRODUCT_NAME = "$(TARGET_NAME)";
			};
			name = Debug;
		};
		A653534C1BC9953D0043B32C /* Release */ = {
			isa = XCBuildConfiguration;
			buildSettings = {
				ASSETCATALOG_COMPILER_APPICON_NAME = AppIcon;
				INFOPLIST_FILE = "Uncle Penny/Info.plist";
				LD_RUNPATH_SEARCH_PATHS = "$(inherited) @executable_path/Frameworks";
				PRODUCT_BUNDLE_IDENTIFIER = "edu.cs2048.asheesh.Uncle-Penny";
				PRODUCT_NAME = "$(TARGET_NAME)";
			};
			name = Release;
		};
/* End XCBuildConfiguration section */

/* Begin XCConfigurationList section */
		A653532E1BC9953D0043B32C /* Build configuration list for PBXProject "Uncle Penny" */ = {
			isa = XCConfigurationList;
			buildConfigurations = (
				A65353481BC9953D0043B32C /* Debug */,
				A65353491BC9953D0043B32C /* Release */,
			);
			defaultConfigurationIsVisible = 0;
			defaultConfigurationName = Release;
		};
		A653534A1BC9953D0043B32C /* Build configuration list for PBXNativeTarget "Uncle Penny" */ = {
			isa = XCConfigurationList;
			buildConfigurations = (
				A653534B1BC9953D0043B32C /* Debug */,
				A653534C1BC9953D0043B32C /* Release */,
			);
			defaultConfigurationIsVisible = 0;
			defaultConfigurationName = Release;
		};
/* End XCConfigurationList section */
	};
	rootObject = A653532B1BC9953D0043B32C /* Project object */;
}
